
Microsoft Visual Studio Solution File, Format Version 12.00
# Visual Studio Version 17
VisualStudioVersion = 17.9.34728.123
MinimumVisualStudioVersion = 10.0.40219.1
Project("{8BC9CEB8-8B4A-11D0-8D11-00A0C91BC942}") = "TVTime", "TVTime\TVTime.vcxproj", "{768A2753-0F21-451A-93C0-88881DDF1537}"
EndProject
Global
	GlobalSection(SolutionConfigurationPlatforms) = preSolution
		Debug|x64 = Debug|x64
		Debug|x86 = Debug|x86
		Release|x64 = Release|x64
		Release|x86 = Release|x86
	EndGlobalSection
	GlobalSection(ProjectConfigurationPlatforms) = postSolution
		{768A2753-0F21-451A-93C0-88881DDF1537}.Debug|x64.ActiveCfg = Debug|x64
		{768A2753-0F21-451A-93C0-88881DDF1537}.Debug|x64.Build.0 = Debug|x64
		{768A2753-0F21-451A-93C0-88881DDF1537}.Debug|x86.ActiveCfg = Debug|Win32
		{768A2753-0F21-451A-93C0-88881DDF1537}.Debug|x86.Build.0 = Debug|Win32
		{768A2753-0F21-451A-93C0-88881DDF1537}.Release|x64.ActiveCfg = Release|x64
		{768A2753-0F21-451A-93C0-88881DDF1537}.Release|x64.Build.0 = Release|x64
		{768A2753-0F21-451A-93C0-88881DDF1537}.Release|x86.ActiveCfg = Release|Win32
		{768A2753-0F21-451A-93C0-88881DDF1537}.Release|x86.Build.0 = Release|Win32
	EndGlobalSection
	GlobalSection(SolutionProperties) = preSolution
		HideSolutionNode = FALSE
	EndGlobalSection
	GlobalSection(ExtensibilityGlobals) = postSolution
		SolutionGuid = {164CA51B-989B-4EDA-BB32-B57B2CE27944}
	EndGlobalSection
EndGlobal
